bitbucket.org/calmisland/go-server-aws v1.4.0 h1:Z6tdJXx+5eDJlQpRilhDQF0JKYG9teb27lB1gkga++M=
bitbucket.org/calmisland/go-server-aws v1.4.0/go.mod h1:SIR6inqHyamOYIrOFgPpZzgd9lMjQf4LbqFIeNE3QcQ=
bitbucket.org/calmisland/go-server-configs v1.0.0 h1:VVU9CGropO8qyytmW9g6KDBLZNK6H+peAmg1uS2/doU=
bitbucket.org/calmisland/go-server-configs v1.0.0/go.mod h1:6A16xMOyOlSNoN5v7NhT2VxhyKmM3PRnVTVk5XwoaYk=
bitbucket.org/calmisland/go-server-databases v0.2.0 h1:Mj7k2XeUJtWBgVUk3iZKYMZrojJj5/oD9jTFoAjZSjE=
bitbucket.org/calmisland/go-server-databases v0.2.0/go.mod h1:Fxyhe+CJhgWZHjG5necdkWA9ljjXzUeoOimmb4zpflM=
bitbucket.org/calmisland/go-server-emails v1.0.0/go.mod h1:/fNW2wTEvTnJywJSXq92BoZhp+OiFZU5E9W0/N8tIBQ=
bitbucket.org/calmisland/go-server-events v1.0.0/go.mod h1:eMPyMSs5YwpjhZecMmv1rQxYGC1F3OG0+lU2PXTDY1k=
bitbucket.org/calmisland/go-server-info v1.0.0 h1:j6XDzACzab9CowuKfvddTcVA5d10T1PjnzHnFev2IHU=
bitbucket.org/calmisland/go-server-info v1.0.0/go.mod h1:B0HuX40Jsqbrwkmzq3I1sDOwEJBQ0j2noVef+BLbiXU=
bitbucket.org/calmisland/go-server-logs v1.0.0 h1:JizUtl49jmEddH1wnr7Z18BFwfCHNNyfhuQcDf/kICI=
bitbucket.org/calmisland/go-server-logs v1.0.0/go.mod h1:h6OfnMGLlOh53D0ey+T5HDbgGHeaKK9tCK1vcFZH7Tk=
bitbucket.org/calmisland/go-server-product v1.0.3 h1:3u/tNMT/+jNPLwL5Cm8m2TZL7VU1OQ63f48Dxk9kzHc=
bitbucket.org/calmisland/go-server-product v1.0.3/go.mod h1:nzk9EBh2ws8z0wKbfrko+JGq+gl4cRxOojvf/2aSijw=
bitbucket.org/calmisland/go-server-queues v1.0.0/go.mod h1:5Nf1TqYrkjgTEtk4TSWU0SS+TWY4rrDJDqz2vC4cYqs=
bitbucket.org/calmisland/go-server-requests v1.1.0 h1:FgH6c6TE7CEeH+uXLR+9hx6Vl8xpi5L1qTsQdE8D+1E=
bitbucket.org/calmisland/go-server-requests v1.1.0/go.mod h1:XOBbI7xqM3Wt179BExrlc3TkXhm6KQzxAHotix33tlE=
bitbucket.org/calmisland/go-server-shared/v3 v3.1.0 h1:YCvwEA4z+YwIgDnZ33icLMf8BjjI1OzcIlSU0H5aJNg=
bitbucket.org/calmisland/go-server-shared/v3 v3.1.0/go.mod h1:dYbabOaPtsCEI3iNdxYRyobU2doAsX/gGBpjdXE6oCc=
bitbucket.org/calmisland/go-server-utils v1.0.0 h1:7EOvf87lG/Ju0YwzNywlw8qL68ehvaUpK2pzDN3mm3A=
bitbucket.org/calmisland/go-server-utils v1.0.0/go.mod h1:5icb47nXPo2GH++D+2DSYnzPIZrlQmQ7Pi7jA+gS2yQ=
bitbucket.org/calmisland/go-slack v0.2.0 h1:Ay9h7bWM3LZI1ofd5RR8QUhq6hXj84ajUhhN431Mo7M=
bitbucket.org/calmisland/go-slack v0.2.0/go.mod h1:am/Yuk7IDa7nXrG3A70Y/LCcisIoKAMlVu5QJt/4syg=
bitbucket.org/calmisland/go-slack v0.2.1 h1:IUzk534eCdtt0vrWsHwYza46AbDZSkCpkQp0KgpsfgA=
bitbucket.org/calmisland/go-slack v0.2.1/go.mod h1:3XswLvtaaTFyIwLQ7Cow4DCLgegWXml2YJwoco9R0g8=
github.com/aws/aws-lambda-go v1.11.1 h1:wuOnhS5aqzPOWns71FO35PtbtBKHr4MYsPVt5qXLSfI=
github.com/aws/aws-lambda-go v1.11.1/go.mod h1:Rr2SMTLeSMKgD45uep9V/NP8tnbCcySgu04cx0k/6cw=
github.com/aws/aws-sdk-go v1.19.41 h1:veutzvQP/lOmYmtX26S9mTFJLO6sp7/UsxFcCjglu4A=
github.com/aws/aws-sdk-go v1.19.41/go.mod h1:KmX6BPdI08NWTb3/sm4ZGu5ShLoqVDhKgpiN924inxo=
github.com/aws/aws-sdk-go v1.21.0 h1:dRGzi4XZe5GFSJssHkRNUf/hRD/HL8bdqTYa9hpAO8c=
github.com/aws/aws-sdk-go v1.21.0/go.mod h1:KmX6BPdI08NWTb3/sm4ZGu5ShLoqVDhKgpiN924inxo=
github.com/calmisland/go-difflib v1.0.1 h1:tfci468YtnjTC0pUOKRmnmpImkC2Z9siy4z94XM9bM0=
github.com/calmisland/go-difflib v1.0.1/go.mod h1:xvL8JWRWveQaQ9qymwmu4Rq05T5HzvHMqHtWi6eVUhI=
github.com/calmisland/go-errors v0.9.0 h1:B4Vrobcqt//d3ktioKZYlZdJtZ3qleNW4GF96ti3DYU=
github.com/calmisland/go-errors v0.9.0/go.mod h1:7OXu3LLPIJrxQh++3pP+0ANQLBzzwIJloO8KJW3gVs8=
github.com/calmisland/go-errors v0.9.2 h1:g0Ddzr5czzrJic5dUXketjrMBD30qnZ+gePicskpKVQ=
github.com/calmisland/go-errors v0.9.2/go.mod h1:7OXu3LLPIJrxQh++3pP+0ANQLBzzwIJloO8KJW3gVs8=
github.com/calmisland/go-msgpack/v5 v5.0.0 h1:nofZDcPqwMT81VJ3e2zEMTN19z9/wOFRfugk4LGymFg=
github.com/calmisland/go-msgpack/v5 v5.0.0/go.mod h1:0OX4kggfB+8h5YyJpDp+6jvmkbzsUCjGoDiqIATXwe4=
github.com/calmisland/go-objx v0.2.2 h1:qMfTDqUXOJSz4oLOVW0BHl+PrVADEPEacP8mRd5OrlA=
github.com/calmisland/go-objx v0.2.2/go.mod h1:Ir2IIp28cRXcBJusJfHLYDWLB0Tbduf6BXylF615goM=
github.com/calmisland/go-spew v1.1.1 h1:5/4iwGVUGLg8Fo4t99k/f8xSVLjeB7PzflE1bZkY3bQ=
github.com/calmisland/go-spew v1.1.1/go.mod h1:SGaf4jeF9E0pF2t89ndda4FVaBNZfNqOWSD1bxnUyqA=
github.com/calmisland/go-testify v1.3.1 h1:FbXS2H6vMX+aSyc+Y5JUg4qaKSScPHotGh73ey5qzGs=
github.com/calmisland/go-testify v1.3.1/go.mod h1:kTz3U4O3cklswLveORFw0a/Oq+PqfouLCKsF31e4Mg8=
github.com/calmisland/go-testify v1.3.2/go.mod h1:Dt2LylA0rh+HFuRaOyf08mdGEsXGBdOLqyqOLmSsal4=
github.com/calmisland/go-testify v1.3.3 h1:3VqayXc/SaoFOgdHAGAm4nr8VXLAR21UjQ+kbNkMeHc=
github.com/calmisland/go-testify v1.3.3/go.mod h1:Dt2LylA0rh+HFuRaOyf08mdGEsXGBdOLqyqOLmSsal4=
github.com/davecgh/go-spew v1.1.0 h1:ZDRjVQ15GmhC3fiQ8ni8+OwkZQO4DARzQgrnXU1Liz8=
github.com/davecgh/go-spew v1.1.0/go.mod h1:J7Y8YcW2NihsgmVo/mv3lAwl/skON4iLHjSsI+c5H38=
github.com/davecgh/go-spew v1.1.1 h1:vj9j/u1bqnvCEfJOwUhtlOARqs3+rkHYY13jYWTU97c=
github.com/davecgh/go-spew v1.1.1/go.mod h1:J7Y8YcW2NihsgmVo/mv3lAwl/skON4iLHjSsI+c5H38=
github.com/go-playground/locales v0.12.1/go.mod h1:IUMDtCfWo/w/mtMfIE/IG2K+Ey3ygWanZIBtBW0W2TM=
github.com/go-playground/universal-translator v0.16.0/go.mod h1:1AnU7NaIRDWWzGEKwgtJRd2xk99HeFyHw3yid4rvQIY=
github.com/golang/protobuf v1.2.0 h1:P3YflyNX/ehuJFLhxviNdFxQPkGK5cDcApsge1SqnvM=
github.com/golang/protobuf v1.2.0/go.mod h1:6lQm79b+lXiMfvg/cZm0SGofjICqVBUtrP5yJMmIC1U=
github.com/google/uuid v1.1.1 h1:Gkbcsh/GbpXz7lPftLA3P6TYMwjCLYm83jiFQZF/3gY=
github.com/google/uuid v1.1.1/go.mod h1:TIyPZe4MgqvfeYDBFedMoGGpEw/LqOeaOT+nhxU+yHo=
github.com/jmespath/go-jmespath v0.0.0-20180206201540-c2b33e8439af h1:pmfjZENx5imkbgOkpRUYLnmbU7UEFbjtDA2hxJ1ichM=
github.com/jmespath/go-jmespath v0.0.0-20180206201540-c2b33e8439af/go.mod h1:Nht3zPeWKUH0NzdCt2Blrr5ys8VGpn0CEB0cQHVjt7k=
github.com/kr/pretty v0.1.0 h1:L/CwN0zerZDmRFUapSPitk6f+Q3+0za1rQkzVuMiMFI=
github.com/kr/pretty v0.1.0/go.mod h1:dAy3ld7l9f0ibDNOQOHHMYYIIbhfbHSm3C4ZsoJORNo=
github.com/kr/pty v1.1.1/go.mod h1:pFQYn66WHrOpPYNljwOMqo10TkYh1fy3cYio2l3bCsQ=
github.com/kr/text v0.1.0 h1:45sCR5RtlFHMR4UwH9sdQ5TC8v0qDQCHnXt+kaKSTVE=
github.com/kr/text v0.1.0/go.mod h1:4Jbv+DJW3UT/LiOwJeYQe1efqtUx/iVham/4vfdArNI=
github.com/leodido/go-urn v1.1.0/go.mod h1:+cyI34gQWZcE1eQU7NVgKkkzdXDQHr1dBMtdAPozLkw=
github.com/pmezard/go-difflib v1.0.0 h1:4DBwDE0NGyQoBHbLQYPwSUPoCMWR5BEzIk/f1lZbAQM=
github.com/pmezard/go-difflib v1.0.0/go.mod h1:iKH77koFhYxTK1pcRnkKkqfTogsbg7gZNVY4sRDYZ/4=
github.com/stretchr/objx v0.1.0 h1:4G4v2dO3VZwixGIRoQ5Lfboy6nUhCyYzaqnIAPPhYs4=
github.com/stretchr/objx v0.1.0/go.mod h1:HFkY916IF+rwdDfMAkV7OtwuqBVzrE8GR6GFx+wExME=
github.com/stretchr/testify v1.2.1/go.mod h1:a8OnRcib4nhh0OaRAV+Yts87kKdq0PP7pXfy6kDkUVs=
github.com/stretchr/testify v1.3.0 h1:TivCn/peBQ7UY8ooIcPgZFpTNSz0Q2U6UrFlUfqbe0Q=
github.com/stretchr/testify v1.3.0/go.mod h1:M5WIy9Dh21IEIfnGCwXGc5bZfKNJtfHm1UVUgZn+9EI=
golang.org/x/crypto v0.0.0-20190308221718-c2843e01d9a2/go.mod h1:djNgcEr1/C05ACkg1iLfiJU5Ep61QUkGW8qpdssI0+w=
golang.org/x/crypto v0.0.0-20190513172903-22d7a77e9e5f h1:R423Cnkcp5JABoeemiGEPlt9tHXFfw5kvc0yqlxRPWo=
golang.org/x/crypto v0.0.0-20190513172903-22d7a77e9e5f/go.mod h1:yigFU9vqHzYiE8UmvKecakEJjdnWj3jj499lnFckfCI=
golang.org/x/net v0.0.0-20180724234803-3673e40ba225/go.mod h1:mL1N/T3taQHkDXs73rZJwtUhF3w3ftmwwsq0BUmARs4=
golang.org/x/net v0.0.0-20190404232315-eb5bcb51f2a3 h1:0GoQqolDA55aaLxZyTzK/Y2ePZzZTUrRacwib7cNsYQ=
golang.org/x/net v0.0.0-20190404232315-eb5bcb51f2a3/go.mod h1:t9HGtf8HONx5eT2rtn7q6eTqICYqUVnKs3thJo3Qplg=
golang.org/x/sync v0.0.0-20190423024810-112230192c58 h1:8gQV6CLnAEikrhgkHFbMAEhagSSnXWGV915qUMm9mrU=
golang.org/x/sync v0.0.0-20190423024810-112230192c58/go.mod h1:RxMgew5VJxzue5/jJTE5uejpjVlOe/izrB70Jof72aM=
golang.org/x/sys v0.0.0-20190215142949-d0b11bdaac8a/go.mod h1:STP8DvDyc/dI5b8T5hshtkjS+E42TnysNCUPdjciGhY=
golang.org/x/sys v0.0.0-20190412213103-97732733099d/go.mod h1:h1NjWce9XRLGQEsW7wpKNCjG9DtNlClVuFLEZdDNbEs=
golang.org/x/text v0.3.0 h1:g61tztE5qeGQ89tm6NTjjM9VPIm088od1l6aSorWRWg=
golang.org/x/text v0.3.0/go.mod h1:NqM8EUOU14njkJ3fqMW+pc6Ldnwhi/IjpwHt7yyuwOQ=
google.golang.org/appengine v1.6.0 h1:Tfd7cKwKbFRsI8RMAD3oqqw7JPFRrvFlOsfbgVkjOOw=
google.golang.org/appengine v1.6.0/go.mod h1:xpcJRLb0r/rnEns0DIKYYv+WjYCduHsrkT7/EB5XEv4=
gopkg.in/check.v1 v1.0.0-20180628173108-788fd7840127 h1:qIbj1fsPNlZgppZ+VLlY7N33q108Sa+fhmuc+sWQYwY=
gopkg.in/check.v1 v1.0.0-20180628173108-788fd7840127/go.mod h1:Co6ibVJAznAaIkqp8huTwlJQCZ016jof/cbN4VW5Yz0=
gopkg.in/go-playground/validator.v9 v9.29.0/go.mod h1:+c9/zcJMFNgbLvly1L1V+PpxWdVbfP1avr/N00E2vyQ=
gopkg.in/urfave/cli.v1 v1.20.0/go.mod h1:vuBzUtMdQeixQj8LVd+/98pzhxNGQoyuPBlsXHOQNO0=
